
Microsoft Visual Studio Solution File, Format Version 12.00
# Visual Studio 15
VisualStudioVersion = 15.0.36530.23
MinimumVisualStudioVersion = 10.0.40219.1
Project("{8BC9CEB8-8B4A-11D0-8D11-00A0C91BC942}") = "Ass5-MergeFileProgram", "Ass5-MergeFileProgram.vcxproj", "{2A6EB2CE-0D1F-42B4-B0C9-5BF7D887E796}"
EndProject
Global
	GlobalSection(SolutionConfigurationPlatforms) = preSolution
		Debug|x64 = Debug|x64
		Debug|x86 = Debug|x86
		Release|x64 = Release|x64
		Release|x86 = Release|x86
	EndGlobalSection
	GlobalSection(ProjectConfigurationPlatforms) = postSolution
		{2A6EB2CE-0D1F-42B4-B0C9-5BF7D887E796}.Debug|x64.ActiveCfg = Debug|x64
		{2A6EB2CE-0D1F-42B4-B0C9-5BF7D887E796}.Debug|x64.Build.0 = Debug|x64
		{2A6EB2CE-0D1F-42B4-B0C9-5BF7D887E796}.Debug|x86.ActiveCfg = Debug|Win32
		{2A6EB2CE-0D1F-42B4-B0C9-5BF7D887E796}.Debug|x86.Build.0 = Debug|Win32
		{2A6EB2CE-0D1F-42B4-B0C9-5BF7D887E796}.Release|x64.ActiveCfg = Release|x64
		{2A6EB2CE-0D1F-42B4-B0C9-5BF7D887E796}.Release|x64.Build.0 = Release|x64
		{2A6EB2CE-0D1F-42B4-B0C9-5BF7D887E796}.Release|x86.ActiveCfg = Release|Win32
		{2A6EB2CE-0D1F-42B4-B0C9-5BF7D887E796}.Release|x86.Build.0 = Release|Win32
	EndGlobalSection
	GlobalSection(SolutionProperties) = preSolution
		HideSolutionNode = FALSE
	EndGlobalSection
	GlobalSection(ExtensibilityGlobals) = postSolution
		SolutionGuid = {C636B2F8-12D3-4CBB-B950-EB038BD32A6A}
	EndGlobalSection
EndGlobal
