
Microsoft Visual Studio Solution File, Format Version 12.00
# Visual Studio 15
VisualStudioVersion = 15.0.36530.23
MinimumVisualStudioVersion = 10.0.40219.1
Project("{8BC9CEB8-8B4A-11D0-8D11-00A0C91BC942}") = "Ass4-SplitFileProgram", "Ass4-SplitFileProgram.vcxproj", "{F475491B-AFA0-4233-84C0-3D8ED440395B}"
EndProject
Global
	GlobalSection(SolutionConfigurationPlatforms) = preSolution
		Debug|x64 = Debug|x64
		Debug|x86 = Debug|x86
		Release|x64 = Release|x64
		Release|x86 = Release|x86
	EndGlobalSection
	GlobalSection(ProjectConfigurationPlatforms) = postSolution
		{F475491B-AFA0-4233-84C0-3D8ED440395B}.Debug|x64.ActiveCfg = Debug|x64
		{F475491B-AFA0-4233-84C0-3D8ED440395B}.Debug|x64.Build.0 = Debug|x64
		{F475491B-AFA0-4233-84C0-3D8ED440395B}.Debug|x86.ActiveCfg = Debug|Win32
		{F475491B-AFA0-4233-84C0-3D8ED440395B}.Debug|x86.Build.0 = Debug|Win32
		{F475491B-AFA0-4233-84C0-3D8ED440395B}.Release|x64.ActiveCfg = Release|x64
		{F475491B-AFA0-4233-84C0-3D8ED440395B}.Release|x64.Build.0 = Release|x64
		{F475491B-AFA0-4233-84C0-3D8ED440395B}.Release|x86.ActiveCfg = Release|Win32
		{F475491B-AFA0-4233-84C0-3D8ED440395B}.Release|x86.Build.0 = Release|Win32
	EndGlobalSection
	GlobalSection(SolutionProperties) = preSolution
		HideSolutionNode = FALSE
	EndGlobalSection
	GlobalSection(ExtensibilityGlobals) = postSolution
		SolutionGuid = {569B7B27-819F-4BB0-BD09-0E68BC052905}
	EndGlobalSection
EndGlobal
